// !$*UTF8*$!
{
	archiveVersion = 1;
	classes = {
	};
	objectVersion = 56;
	objects = {

/* Begin PBXBuildFile section */
		4F243BDA2C6C6F1E00446E95 /* TopBarIncognito.swift in Sources */ = {isa = PBXBuildFile; fileRef = 4F243BD92C6C6F1E00446E95 /* TopBarIncognito.swift */; };
		4F30989D2C66237C00F72316 /* GoogleService-Info.plist in Resources */ = {isa = PBXBuildFile; fileRef = 4F30989C2C66237C00F72316 /* GoogleService-Info.plist */; };
		4F30989F2C66251D00F72316 /* FirebaseAnalytics in Frameworks */ = {isa = PBXBuildFile; productRef = 4F30989E2C66251D00F72316 /* FirebaseAnalytics */; };
		4F3098A12C66251D00F72316 /* FirebaseAnalyticsOnDeviceConversion in Frameworks */ = {isa = PBXBuildFile; productRef = 4F3098A02C66251D00F72316 /* FirebaseAnalyticsOnDeviceConversion */; };
		4F3098A32C66251D00F72316 /* FirebaseAnalyticsWithoutAdIdSupport in Frameworks */ = {isa = PBXBuildFile; productRef = 4F3098A22C66251D00F72316 /* FirebaseAnalyticsWithoutAdIdSupport */; };
		4F3098A52C66251D00F72316 /* FirebaseAppCheck in Frameworks */ = {isa = PBXBuildFile; productRef = 4F3098A42C66251D00F72316 /* FirebaseAppCheck */; };
		4F3098A72C66251D00F72316 /* FirebaseAppDistribution-Beta in Frameworks */ = {isa = PBXBuildFile; productRef = 4F3098A62C66251D00F72316 /* FirebaseAppDistribution-Beta */; };
		4F3098A92C66251D00F72316 /* FirebaseAuth in Frameworks */ = {isa = PBXBuildFile; productRef = 4F3098A82C66251D00F72316 /* FirebaseAuth */; };
		4F3098AB2C66251D00F72316 /* FirebaseAuthCombine-Community in Frameworks */ = {isa = PBXBuildFile; productRef = 4F3098AA2C66251D00F72316 /* FirebaseAuthCombine-Community */; };
		4F3098AD2C66251D00F72316 /* FirebaseCrashlytics in Frameworks */ = {isa = PBXBuildFile; productRef = 4F3098AC2C66251D00F72316 /* FirebaseCrashlytics */; };
		4F3098AF2C66251D00F72316 /* FirebaseDatabase in Frameworks */ = {isa = PBXBuildFile; productRef = 4F3098AE2C66251D00F72316 /* FirebaseDatabase */; };
		4F3098B12C66251D00F72316 /* FirebaseDynamicLinks in Frameworks */ = {isa = PBXBuildFile; productRef = 4F3098B02C66251D00F72316 /* FirebaseDynamicLinks */; };
		4F3098B32C66251D00F72316 /* FirebaseFirestore in Frameworks */ = {isa = PBXBuildFile; productRef = 4F3098B22C66251D00F72316 /* FirebaseFirestore */; };
		4F3098B52C66251D00F72316 /* FirebaseFirestoreCombine-Community in Frameworks */ = {isa = PBXBuildFile; productRef = 4F3098B42C66251D00F72316 /* FirebaseFirestoreCombine-Community */; };
		4F3098B72C66251D00F72316 /* FirebaseFunctions in Frameworks */ = {isa = PBXBuildFile; productRef = 4F3098B62C66251D00F72316 /* FirebaseFunctions */; };
		4F3098B92C66251D00F72316 /* FirebaseFunctionsCombine-Community in Frameworks */ = {isa = PBXBuildFile; productRef = 4F3098B82C66251D00F72316 /* FirebaseFunctionsCombine-Community */; };
		4F3098BB2C66251D00F72316 /* FirebaseInAppMessaging-Beta in Frameworks */ = {isa = PBXBuildFile; productRef = 4F3098BA2C66251D00F72316 /* FirebaseInAppMessaging-Beta */; };
		4F3098BD2C66251D00F72316 /* FirebaseInstallations in Frameworks */ = {isa = PBXBuildFile; productRef = 4F3098BC2C66251D00F72316 /* FirebaseInstallations */; };
		4F3098BF2C66251D00F72316 /* FirebaseMLModelDownloader in Frameworks */ = {isa = PBXBuildFile; productRef = 4F3098BE2C66251D00F72316 /* FirebaseMLModelDownloader */; };
		4F3098C12C66251D00F72316 /* FirebaseMessaging in Frameworks */ = {isa = PBXBuildFile; productRef = 4F3098C02C66251D00F72316 /* FirebaseMessaging */; };
		4F3098C32C66251D00F72316 /* FirebasePerformance in Frameworks */ = {isa = PBXBuildFile; productRef = 4F3098C22C66251D00F72316 /* FirebasePerformance */; };
		4F3098C52C66251D00F72316 /* FirebaseRemoteConfig in Frameworks */ = {isa = PBXBuildFile; productRef = 4F3098C42C66251D00F72316 /* FirebaseRemoteConfig */; };
		4F3098C72C66251D00F72316 /* FirebaseStorage in Frameworks */ = {isa = PBXBuildFile; productRef = 4F3098C62C66251D00F72316 /* FirebaseStorage */; };
		4F3098C92C66251D00F72316 /* FirebaseStorageCombine-Community in Frameworks */ = {isa = PBXBuildFile; productRef = 4F3098C82C66251D00F72316 /* FirebaseStorageCombine-Community */; };
		4F3098CB2C66251D00F72316 /* FirebaseVertexAI-Preview in Frameworks */ = {isa = PBXBuildFile; productRef = 4F3098CA2C66251D00F72316 /* FirebaseVertexAI-Preview */; };
		4F3098CD2C663B3700F72316 /* User.swift in Sources */ = {isa = PBXBuildFile; fileRef = 4F3098CC2C663B3700F72316 /* User.swift */; };
		4F3098CF2C6640CD00F72316 /* IncognitoView.swift in Sources */ = {isa = PBXBuildFile; fileRef = 4F3098CE2C6640CD00F72316 /* IncognitoView.swift */; };
		4F8700212C63065D00514FAC /* SideBarMenu.swift in Sources */ = {isa = PBXBuildFile; fileRef = 4F8700202C63065C00514FAC /* SideBarMenu.swift */; };
		4F8700262C6306A800514FAC /* SideBarProfile.swift in Sources */ = {isa = PBXBuildFile; fileRef = 4F8700252C6306A800514FAC /* SideBarProfile.swift */; };
		4F8700282C6307F800514FAC /* SideBarIncognito.swift in Sources */ = {isa = PBXBuildFile; fileRef = 4F8700272C6307F800514FAC /* SideBarIncognito.swift */; };
		4F87002A2C630AE700514FAC /* ViewModel.swift in Sources */ = {isa = PBXBuildFile; fileRef = 4F8700292C630AE700514FAC /* ViewModel.swift */; };
		4F87002E2C63287900514FAC /* FirstSheet.swift in Sources */ = {isa = PBXBuildFile; fileRef = 4F87002D2C63287900514FAC /* FirstSheet.swift */; };
		4F8700312C632D3B00514FAC /* ButtonView.swift in Sources */ = {isa = PBXBuildFile; fileRef = 4F8700302C632D3B00514FAC /* ButtonView.swift */; };
		4F8700332C63746B00514FAC /* SecondSheet.swift in Sources */ = {isa = PBXBuildFile; fileRef = 4F8700322C63746B00514FAC /* SecondSheet.swift */; };
		4F8700352C63750E00514FAC /* BoxTextView.swift in Sources */ = {isa = PBXBuildFile; fileRef = 4F8700342C63750E00514FAC /* BoxTextView.swift */; };
		4F8700372C63ADA800514FAC /* ThirdSheet.swift in Sources */ = {isa = PBXBuildFile; fileRef = 4F8700362C63ADA800514FAC /* ThirdSheet.swift */; };
		4FB2B30C2C627C3500E868CF /* IncognitoTestApp.swift in Sources */ = {isa = PBXBuildFile; fileRef = 4FB2B30B2C627C3500E868CF /* IncognitoTestApp.swift */; };
		4FB2B30E2C627C3500E868CF /* ContentView.swift in Sources */ = {isa = PBXBuildFile; fileRef = 4FB2B30D2C627C3500E868CF /* ContentView.swift */; };
		4FB2B3102C627C3700E868CF /* Assets.xcassets in Resources */ = {isa = PBXBuildFile; fileRef = 4FB2B30F2C627C3700E868CF /* Assets.xcassets */; };
		4FB2B3132C627C3700E868CF /* Preview Assets.xcassets in Resources */ = {isa = PBXBuildFile; fileRef = 4FB2B3122C627C3700E868CF /* Preview Assets.xcassets */; };
/* End PBXBuildFile section */

/* Begin PBXFileReference section */
		4F243BD92C6C6F1E00446E95 /* TopBarIncognito.swift */ = {isa = PBXFileReference; lastKnownFileType = sourcecode.swift; path = TopBarIncognito.swift; sourceTree = "<group>"; };
		4F30989C2C66237C00F72316 /* GoogleService-Info.plist */ = {isa = PBXFileReference; fileEncoding = 4; lastKnownFileType = text.plist.xml; path = "GoogleService-Info.plist"; sourceTree = "<group>"; };
		4F3098CC2C663B3700F72316 /* User.swift */ = {isa = PBXFileReference; lastKnownFileType = sourcecode.swift; path = User.swift; sourceTree = "<group>"; };
		4F3098CE2C6640CD00F72316 /* IncognitoView.swift */ = {isa = PBXFileReference; lastKnownFileType = sourcecode.swift; path = IncognitoView.swift; sourceTree = "<group>"; };
		4F8700202C63065C00514FAC /* SideBarMenu.swift */ = {isa = PBXFileReference; lastKnownFileType = sourcecode.swift; path = SideBarMenu.swift; sourceTree = "<group>"; };
		4F8700252C6306A800514FAC /* SideBarProfile.swift */ = {isa = PBXFileReference; lastKnownFileType = sourcecode.swift; path = SideBarProfile.swift; sourceTree = "<group>"; };
		4F8700272C6307F800514FAC /* SideBarIncognito.swift */ = {isa = PBXFileReference; lastKnownFileType = sourcecode.swift; path = SideBarIncognito.swift; sourceTree = "<group>"; };
		4F8700292C630AE700514FAC /* ViewModel.swift */ = {isa = PBXFileReference; lastKnownFileType = sourcecode.swift; path = ViewModel.swift; sourceTree = "<group>"; };
		4F87002D2C63287900514FAC /* FirstSheet.swift */ = {isa = PBXFileReference; lastKnownFileType = sourcecode.swift; path = FirstSheet.swift; sourceTree = "<group>"; };
		4F8700302C632D3B00514FAC /* ButtonView.swift */ = {isa = PBXFileReference; lastKnownFileType = sourcecode.swift; path = ButtonView.swift; sourceTree = "<group>"; };
		4F8700322C63746B00514FAC /* SecondSheet.swift */ = {isa = PBXFileReference; lastKnownFileType = sourcecode.swift; path = SecondSheet.swift; sourceTree = "<group>"; };
		4F8700342C63750E00514FAC /* BoxTextView.swift */ = {isa = PBXFileReference; lastKnownFileType = sourcecode.swift; path = BoxTextView.swift; sourceTree = "<group>"; };
		4F8700362C63ADA800514FAC /* ThirdSheet.swift */ = {isa = PBXFileReference; lastKnownFileType = sourcecode.swift; path = ThirdSheet.swift; sourceTree = "<group>"; };
		4FB2B3082C627C3500E868CF /* IncognitoTest.app */ = {isa = PBXFileReference; explicitFileType = wrapper.application; includeInIndex = 0; path = IncognitoTest.app; sourceTree = BUILT_PRODUCTS_DIR; };
		4FB2B30B2C627C3500E868CF /* IncognitoTestApp.swift */ = {isa = PBXFileReference; lastKnownFileType = sourcecode.swift; path = IncognitoTestApp.swift; sourceTree = "<group>"; };
		4FB2B30D2C627C3500E868CF /* ContentView.swift */ = {isa = PBXFileReference; lastKnownFileType = sourcecode.swift; path = ContentView.swift; sourceTree = "<group>"; };
		4FB2B30F2C627C3700E868CF /* Assets.xcassets */ = {isa = PBXFileReference; lastKnownFileType = folder.assetcatalog; path = Assets.xcassets; sourceTree = "<group>"; };
		4FB2B3122C627C3700E868CF /* Preview Assets.xcassets */ = {isa = PBXFileReference; lastKnownFileType = folder.assetcatalog; path = "Preview Assets.xcassets"; sourceTree = "<group>"; };
/* End PBXFileReference section */

/* Begin PBXFrameworksBuildPhase section */
		4FB2B3052C627C3500E868CF /* Frameworks */ = {
			isa = PBXFrameworksBuildPhase;
			buildActionMask = 2147483647;
			files = (
				4F3098C92C66251D00F72316 /* FirebaseStorageCombine-Community in Frameworks */,
				4F3098C12C66251D00F72316 /* FirebaseMessaging in Frameworks */,
				4F3098BF2C66251D00F72316 /* FirebaseMLModelDownloader in Frameworks */,
				4F3098A52C66251D00F72316 /* FirebaseAppCheck in Frameworks */,
				4F3098A92C66251D00F72316 /* FirebaseAuth in Frameworks */,
				4F30989F2C66251D00F72316 /* FirebaseAnalytics in Frameworks */,
				4F3098A72C66251D00F72316 /* FirebaseAppDistribution-Beta in Frameworks */,
				4F3098A32C66251D00F72316 /* FirebaseAnalyticsWithoutAdIdSupport in Frameworks */,
				4F3098AD2C66251D00F72316 /* FirebaseCrashlytics in Frameworks */,
				4F3098AF2C66251D00F72316 /* FirebaseDatabase in Frameworks */,
				4F3098B92C66251D00F72316 /* FirebaseFunctionsCombine-Community in Frameworks */,
				4F3098AB2C66251D00F72316 /* FirebaseAuthCombine-Community in Frameworks */,
				4F3098C72C66251D00F72316 /* FirebaseStorage in Frameworks */,
				4F3098A12C66251D00F72316 /* FirebaseAnalyticsOnDeviceConversion in Frameworks */,
				4F3098B72C66251D00F72316 /* FirebaseFunctions in Frameworks */,
				4F3098BD2C66251D00F72316 /* FirebaseInstallations in Frameworks */,
				4F3098C32C66251D00F72316 /* FirebasePerformance in Frameworks */,
				4F3098B52C66251D00F72316 /* FirebaseFirestoreCombine-Community in Frameworks */,
				4F3098B32C66251D00F72316 /* FirebaseFirestore in Frameworks */,
				4F3098B12C66251D00F72316 /* FirebaseDynamicLinks in Frameworks */,
				4F3098BB2C66251D00F72316 /* FirebaseInAppMessaging-Beta in Frameworks */,
				4F3098CB2C66251D00F72316 /* FirebaseVertexAI-Preview in Frameworks */,
				4F3098C52C66251D00F72316 /* FirebaseRemoteConfig in Frameworks */,
			);
			runOnlyForDeploymentPostprocessing = 0;
		};
/* End PBXFrameworksBuildPhase section */

/* Begin PBXGroup section */
		4F8700222C63067300514FAC /* SideBarMenu */ = {
			isa = PBXGroup;
			children = (
				4F8700202C63065C00514FAC /* SideBarMenu.swift */,
				4F8700272C6307F800514FAC /* SideBarIncognito.swift */,
				4F87002C2C6327D800514FAC /* IncognitoSheeets */,
				4F8700252C6306A800514FAC /* SideBarProfile.swift */,
			);
			path = SideBarMenu;
			sourceTree = "<group>";
		};
		4F87002C2C6327D800514FAC /* IncognitoSheeets */ = {
			isa = PBXGroup;
			children = (
				4F87002D2C63287900514FAC /* FirstSheet.swift */,
				4F8700322C63746B00514FAC /* SecondSheet.swift */,
				4F8700362C63ADA800514FAC /* ThirdSheet.swift */,
			);
			path = IncognitoSheeets;
			sourceTree = "<group>";
		};
		4F87002F2C632D0800514FAC /* Usable Views */ = {
			isa = PBXGroup;
			children = (
				4F8700302C632D3B00514FAC /* ButtonView.swift */,
				4F8700342C63750E00514FAC /* BoxTextView.swift */,
			);
			path = "Usable Views";
			sourceTree = "<group>";
		};
		4FB2B2FF2C627C3500E868CF = {
			isa = PBXGroup;
			children = (
				4FB2B30B2C627C3500E868CF /* IncognitoTestApp.swift */,
				4FB2B30A2C627C3500E868CF /* IncognitoTest */,
				4FB2B3092C627C3500E868CF /* Products */,
			);
			sourceTree = "<group>";
		};
		4FB2B3092C627C3500E868CF /* Products */ = {
			isa = PBXGroup;
			children = (
				4FB2B3082C627C3500E868CF /* IncognitoTest.app */,
			);
			name = Products;
			sourceTree = "<group>";
		};
		4FB2B30A2C627C3500E868CF /* IncognitoTest */ = {
			isa = PBXGroup;
			children = (
				4F87002F2C632D0800514FAC /* Usable Views */,
				4F8700292C630AE700514FAC /* ViewModel.swift */,
				4F3098CC2C663B3700F72316 /* User.swift */,
				4FB2B30D2C627C3500E868CF /* ContentView.swift */,
				4F3098CE2C6640CD00F72316 /* IncognitoView.swift */,
				4F243BD92C6C6F1E00446E95 /* TopBarIncognito.swift */,
				4F8700222C63067300514FAC /* SideBarMenu */,
				4FB2B30F2C627C3700E868CF /* Assets.xcassets */,
				4FB2B3112C627C3700E868CF /* Preview Content */,
				4F30989C2C66237C00F72316 /* GoogleService-Info.plist */,
			);
			path = IncognitoTest;
			sourceTree = "<group>";
		};
		4FB2B3112C627C3700E868CF /* Preview Content */ = {
			isa = PBXGroup;
			children = (
				4FB2B3122C627C3700E868CF /* Preview Assets.xcassets */,
			);
			path = "Preview Content";
			sourceTree = "<group>";
		};
/* End PBXGroup section */

/* Begin PBXNativeTarget section */
		4FB2B3072C627C3500E868CF /* IncognitoTest */ = {
			isa = PBXNativeTarget;
			buildConfigurationList = 4FB2B3162C627C3700E868CF /* Build configuration list for PBXNativeTarget "IncognitoTest" */;
			buildPhases = (
				4FB2B3042C627C3500E868CF /* Sources */,
				4FB2B3052C627C3500E868CF /* Frameworks */,
				4FB2B3062C627C3500E868CF /* Resources */,
			);
			buildRules = (
			);
			dependencies = (
			);
			name = IncognitoTest;
			packageProductDependencies = (
				4F30989E2C66251D00F72316 /* FirebaseAnalytics */,
				4F3098A02C66251D00F72316 /* FirebaseAnalyticsOnDeviceConversion */,
				4F3098A22C66251D00F72316 /* FirebaseAnalyticsWithoutAdIdSupport */,
				4F3098A42C66251D00F72316 /* FirebaseAppCheck */,
				4F3098A62C66251D00F72316 /* FirebaseAppDistribution-Beta */,
				4F3098A82C66251D00F72316 /* FirebaseAuth */,
				4F3098AA2C66251D00F72316 /* FirebaseAuthCombine-Community */,
				4F3098AC2C66251D00F72316 /* FirebaseCrashlytics */,
				4F3098AE2C66251D00F72316 /* FirebaseDatabase */,
				4F3098B02C66251D00F72316 /* FirebaseDynamicLinks */,
				4F3098B22C66251D00F72316 /* FirebaseFirestore */,
				4F3098B42C66251D00F72316 /* FirebaseFirestoreCombine-Community */,
				4F3098B62C66251D00F72316 /* FirebaseFunctions */,
				4F3098B82C66251D00F72316 /* FirebaseFunctionsCombine-Community */,
				4F3098BA2C66251D00F72316 /* FirebaseInAppMessaging-Beta */,
				4F3098BC2C66251D00F72316 /* FirebaseInstallations */,
				4F3098BE2C66251D00F72316 /* FirebaseMLModelDownloader */,
				4F3098C02C66251D00F72316 /* FirebaseMessaging */,
				4F3098C22C66251D00F72316 /* FirebasePerformance */,
				4F3098C42C66251D00F72316 /* FirebaseRemoteConfig */,
				4F3098C62C66251D00F72316 /* FirebaseStorage */,
				4F3098C82C66251D00F72316 /* FirebaseStorageCombine-Community */,
				4F3098CA2C66251D00F72316 /* FirebaseVertexAI-Preview */,
			);
			productName = IncognitoTest;
			productReference = 4FB2B3082C627C3500E868CF /* IncognitoTest.app */;
			productType = "com.apple.product-type.application";
		};
/* End PBXNativeTarget section */

/* Begin PBXProject section */
		4FB2B3002C627C3500E868CF /* Project object */ = {
			isa = PBXProject;
			attributes = {
				BuildIndependentTargetsInParallel = 1;
				LastSwiftUpdateCheck = 1540;
				LastUpgradeCheck = 1540;
				TargetAttributes = {
					4FB2B3072C627C3500E868CF = {
						CreatedOnToolsVersion = 15.4;
					};
				};
			};
			buildConfigurationList = 4FB2B3032C627C3500E868CF /* Build configuration list for PBXProject "IncognitoTest" */;
			compatibilityVersion = "Xcode 14.0";
			developmentRegion = en;
			hasScannedForEncodings = 0;
			knownRegions = (
				en,
				Base,
			);
			mainGroup = 4FB2B2FF2C627C3500E868CF;
			packageReferences = (
				4F30989B2C660D1500F72316 /* XCRemoteSwiftPackageReference "firebase-ios-sdk" */,
			);
			productRefGroup = 4FB2B3092C627C3500E868CF /* Products */;
			projectDirPath = "";
			projectRoot = "";
			targets = (
				4FB2B3072C627C3500E868CF /* IncognitoTest */,
			);
		};
/* End PBXProject section */

/* Begin PBXResourcesBuildPhase section */
		4FB2B3062C627C3500E868CF /* Resources */ = {
			isa = PBXResourcesBuildPhase;
			buildActionMask = 2147483647;
			files = (
				4FB2B3132C627C3700E868CF /* Preview Assets.xcassets in Resources */,
				4FB2B3102C627C3700E868CF /* Assets.xcassets in Resources */,
				4F30989D2C66237C00F72316 /* GoogleService-Info.plist in Resources */,
			);
			runOnlyForDeploymentPostprocessing = 0;
		};
/* End PBXResourcesBuildPhase section */

/* Begin PBXSourcesBuildPhase section */
		4FB2B3042C627C3500E868CF /* Sources */ = {
			isa = PBXSourcesBuildPhase;
			buildActionMask = 2147483647;
			files = (
				4F8700332C63746B00514FAC /* SecondSheet.swift in Sources */,
				4F87002A2C630AE700514FAC /* ViewModel.swift in Sources */,
				4FB2B30E2C627C3500E868CF /* ContentView.swift in Sources */,
				4F8700312C632D3B00514FAC /* ButtonView.swift in Sources */,
				4F3098CF2C6640CD00F72316 /* IncognitoView.swift in Sources */,
				4F8700282C6307F800514FAC /* SideBarIncognito.swift in Sources */,
				4F243BDA2C6C6F1E00446E95 /* TopBarIncognito.swift in Sources */,
				4F8700212C63065D00514FAC /* SideBarMenu.swift in Sources */,
				4F8700372C63ADA800514FAC /* ThirdSheet.swift in Sources */,
				4F8700262C6306A800514FAC /* SideBarProfile.swift in Sources */,
				4F3098CD2C663B3700F72316 /* User.swift in Sources */,
				4F87002E2C63287900514FAC /* FirstSheet.swift in Sources */,
				4FB2B30C2C627C3500E868CF /* IncognitoTestApp.swift in Sources */,
				4F8700352C63750E00514FAC /* BoxTextView.swift in Sources */,
			);
			runOnlyForDeploymentPostprocessing = 0;
		};
/* End PBXSourcesBuildPhase section */

/* Begin XCBuildConfiguration section */
		4FB2B3142C627C3700E868CF /* Debug */ = {
			isa = XCBuildConfiguration;
			buildSettings = {
				ALWAYS_SEARCH_USER_PATHS = NO;
				ASSETCATALOG_COMPILER_GENERATE_SWIFT_ASSET_SYMBOL_EXTENSIONS = YES;
				CLANG_ANALYZER_NONNULL = YES;
				CLANG_ANALYZER_NUMBER_OBJECT_CONVERSION = YES_AGGRESSIVE;
				CLANG_CXX_LANGUAGE_STANDARD = "gnu++20";
				CLANG_ENABLE_MODULES = YES;
				CLANG_ENABLE_OBJC_ARC = YES;
				CLANG_ENABLE_OBJC_WEAK = YES;
				CLANG_WARN_BLOCK_CAPTURE_AUTORELEASING = YES;
				CLANG_WARN_BOOL_CONVERSION = YES;
				CLANG_WARN_COMMA = YES;
				CLANG_WARN_CONSTANT_CONVERSION = YES;
				CLANG_WARN_DEPRECATED_OBJC_IMPLEMENTATIONS = YES;
				CLANG_WARN_DIRECT_OBJC_ISA_USAGE = YES_ERROR;
				CLANG_WARN_DOCUMENTATION_COMMENTS = YES;
				CLANG_WARN_EMPTY_BODY = YES;
				CLANG_WARN_ENUM_CONVERSION = YES;
				CLANG_WARN_INFINITE_RECURSION = YES;
				CLANG_WARN_INT_CONVERSION = YES;
				CLANG_WARN_NON_LITERAL_NULL_CONVERSION = YES;
				CLANG_WARN_OBJC_IMPLICIT_RETAIN_SELF = YES;
				CLANG_WARN_OBJC_LITERAL_CONVERSION = YES;
				CLANG_WARN_OBJC_ROOT_CLASS = YES_ERROR;
				CLANG_WARN_QUOTED_INCLUDE_IN_FRAMEWORK_HEADER = YES;
				CLANG_WARN_RANGE_LOOP_ANALYSIS = YES;
				CLANG_WARN_STRICT_PROTOTYPES = YES;
				CLANG_WARN_SUSPICIOUS_MOVE = YES;
				CLANG_WARN_UNGUARDED_AVAILABILITY = YES_AGGRESSIVE;
				CLANG_WARN_UNREACHABLE_CODE = YES;
				CLANG_WARN__DUPLICATE_METHOD_MATCH = YES;
				COPY_PHASE_STRIP = NO;
				DEBUG_INFORMATION_FORMAT = dwarf;
				ENABLE_STRICT_OBJC_MSGSEND = YES;
				ENABLE_TESTABILITY = YES;
				ENABLE_USER_SCRIPT_SANDBOXING = YES;
				GCC_C_LANGUAGE_STANDARD = gnu17;
				GCC_DYNAMIC_NO_PIC = NO;
				GCC_NO_COMMON_BLOCKS = YES;
				GCC_OPTIMIZATION_LEVEL = 0;
				GCC_PREPROCESSOR_DEFINITIONS = (
					"DEBUG=1",
					"$(inherited)",
				);
				GCC_WARN_64_TO_32_BIT_CONVERSION = YES;
				GCC_WARN_ABOUT_RETURN_TYPE = YES_ERROR;
				GCC_WARN_UNDECLARED_SELECTOR = YES;
				GCC_WARN_UNINITIALIZED_AUTOS = YES_AGGRESSIVE;
				GCC_WARN_UNUSED_FUNCTION = YES;
				GCC_WARN_UNUSED_VARIABLE = YES;
				IPHONEOS_DEPLOYMENT_TARGET = 17.0;
				LOCALIZATION_PREFERS_STRING_CATALOGS = YES;
				MTL_ENABLE_DEBUG_INFO = INCLUDE_SOURCE;
				MTL_FAST_MATH = YES;
				ONLY_ACTIVE_ARCH = YES;
				SDKROOT = iphoneos;
				SWIFT_ACTIVE_COMPILATION_CONDITIONS = "DEBUG $(inherited)";
				SWIFT_OPTIMIZATION_LEVEL = "-Onone";
			};
			name = Debug;
		};
		4FB2B3152C627C3700E868CF /* Release */ = {
			isa = XCBuildConfiguration;
			buildSettings = {
				ALWAYS_SEARCH_USER_PATHS = NO;
				ASSETCATALOG_COMPILER_GENERATE_SWIFT_ASSET_SYMBOL_EXTENSIONS = YES;
				CLANG_ANALYZER_NONNULL = YES;
				CLANG_ANALYZER_NUMBER_OBJECT_CONVERSION = YES_AGGRESSIVE;
				CLANG_CXX_LANGUAGE_STANDARD = "gnu++20";
				CLANG_ENABLE_MODULES = YES;
				CLANG_ENABLE_OBJC_ARC = YES;
				CLANG_ENABLE_OBJC_WEAK = YES;
				CLANG_WARN_BLOCK_CAPTURE_AUTORELEASING = YES;
				CLANG_WARN_BOOL_CONVERSION = YES;
				CLANG_WARN_COMMA = YES;
				CLANG_WARN_CONSTANT_CONVERSION = YES;
				CLANG_WARN_DEPRECATED_OBJC_IMPLEMENTATIONS = YES;
				CLANG_WARN_DIRECT_OBJC_ISA_USAGE = YES_ERROR;
				CLANG_WARN_DOCUMENTATION_COMMENTS = YES;
				CLANG_WARN_EMPTY_BODY = YES;
				CLANG_WARN_ENUM_CONVERSION = YES;
				CLANG_WARN_INFINITE_RECURSION = YES;
				CLANG_WARN_INT_CONVERSION = YES;
				CLANG_WARN_NON_LITERAL_NULL_CONVERSION = YES;
				CLANG_WARN_OBJC_IMPLICIT_RETAIN_SELF = YES;
				CLANG_WARN_OBJC_LITERAL_CONVERSION = YES;
				CLANG_WARN_OBJC_ROOT_CLASS = YES_ERROR;
				CLANG_WARN_QUOTED_INCLUDE_IN_FRAMEWORK_HEADER = YES;
				CLANG_WARN_RANGE_LOOP_ANALYSIS = YES;
				CLANG_WARN_STRICT_PROTOTYPES = YES;
				CLANG_WARN_SUSPICIOUS_MOVE = YES;
				CLANG_WARN_UNGUARDED_AVAILABILITY = YES_AGGRESSIVE;
				CLANG_WARN_UNREACHABLE_CODE = YES;
				CLANG_WARN__DUPLICATE_METHOD_MATCH = YES;
				COPY_PHASE_STRIP = NO;
				DEBUG_INFORMATION_FORMAT = "dwarf-with-dsym";
				ENABLE_NS_ASSERTIONS = NO;
				ENABLE_STRICT_OBJC_MSGSEND = YES;
				ENABLE_USER_SCRIPT_SANDBOXING = YES;
				GCC_C_LANGUAGE_STANDARD = gnu17;
				GCC_NO_COMMON_BLOCKS = YES;
				GCC_WARN_64_TO_32_BIT_CONVERSION = YES;
				GCC_WARN_ABOUT_RETURN_TYPE = YES_ERROR;
				GCC_WARN_UNDECLARED_SELECTOR = YES;
				GCC_WARN_UNINITIALIZED_AUTOS = YES_AGGRESSIVE;
				GCC_WARN_UNUSED_FUNCTION = YES;
				GCC_WARN_UNUSED_VARIABLE = YES;
				IPHONEOS_DEPLOYMENT_TARGET = 17.0;
				LOCALIZATION_PREFERS_STRING_CATALOGS = YES;
				MTL_ENABLE_DEBUG_INFO = NO;
				MTL_FAST_MATH = YES;
				SDKROOT = iphoneos;
				SWIFT_COMPILATION_MODE = wholemodule;
				VALIDATE_PRODUCT = YES;
			};
			name = Release;
		};
		4FB2B3172C627C3700E868CF /* Debug */ = {
			isa = XCBuildConfiguration;
			buildSettings = {
				ASSETCATALOG_COMPILER_APPICON_NAME = AppIcon;
				ASSETCATALOG_COMPILER_GLOBAL_ACCENT_COLOR_NAME = AccentColor;
				CODE_SIGN_STYLE = Automatic;
				CURRENT_PROJECT_VERSION = 1;
				DEVELOPMENT_ASSET_PATHS = "\"IncognitoTest/Preview Content\"";
				DEVELOPMENT_TEAM = 2CZ3B92866;
				ENABLE_PREVIEWS = YES;
				GENERATE_INFOPLIST_FILE = YES;
				INFOPLIST_KEY_UIApplicationSceneManifest_Generation = YES;
				INFOPLIST_KEY_UIApplicationSupportsIndirectInputEvents = YES;
				INFOPLIST_KEY_UILaunchScreen_Generation = YES;
				INFOPLIST_KEY_UISupportedInterfaceOrientations_iPad = "UIInterfaceOrientationPortrait UIInterfaceOrientationPortraitUpsideDown UIInterfaceOrientationLandscapeLeft UIInterfaceOrientationLandscapeRight";
				INFOPLIST_KEY_UISupportedInterfaceOrientations_iPhone = "UIInterfaceOrientationPortrait UIInterfaceOrientationLandscapeLeft UIInterfaceOrientationLandscapeRight";
				IPHONEOS_DEPLOYMENT_TARGET = 17.0;
				LD_RUNPATH_SEARCH_PATHS = (
					"$(inherited)",
					"@executable_path/Frameworks",
				);
				MARKETING_VERSION = 1.0;
				PRODUCT_BUNDLE_IDENTIFIER = Singh.Shomil.IncognitoTest;
				PRODUCT_NAME = "$(TARGET_NAME)";
				SWIFT_EMIT_LOC_STRINGS = YES;
				SWIFT_VERSION = 5.0;
				TARGETED_DEVICE_FAMILY = "1,2";
			};
			name = Debug;
		};
		4FB2B3182C627C3700E868CF /* Release */ = {
			isa = XCBuildConfiguration;
			buildSettings = {
				ASSETCATALOG_COMPILER_APPICON_NAME = AppIcon;
				ASSETCATALOG_COMPILER_GLOBAL_ACCENT_COLOR_NAME = AccentColor;
				CODE_SIGN_STYLE = Automatic;
				CURRENT_PROJECT_VERSION = 1;
				DEVELOPMENT_ASSET_PATHS = "\"IncognitoTest/Preview Content\"";
				DEVELOPMENT_TEAM = 2CZ3B92866;
				ENABLE_PREVIEWS = YES;
				GENERATE_INFOPLIST_FILE = YES;
				INFOPLIST_KEY_UIApplicationSceneManifest_Generation = YES;
				INFOPLIST_KEY_UIApplicationSupportsIndirectInputEvents = YES;
				INFOPLIST_KEY_UILaunchScreen_Generation = YES;
				INFOPLIST_KEY_UISupportedInterfaceOrientations_iPad = "UIInterfaceOrientationPortrait UIInterfaceOrientationPortraitUpsideDown UIInterfaceOrientationLandscapeLeft UIInterfaceOrientationLandscapeRight";
				INFOPLIST_KEY_UISupportedInterfaceOrientations_iPhone = "UIInterfaceOrientationPortrait UIInterfaceOrientationLandscapeLeft UIInterfaceOrientationLandscapeRight";
				IPHONEOS_DEPLOYMENT_TARGET = 17.0;
				LD_RUNPATH_SEARCH_PATHS = (
					"$(inherited)",
					"@executable_path/Frameworks",
				);
				MARKETING_VERSION = 1.0;
				PRODUCT_BUNDLE_IDENTIFIER = Singh.Shomil.IncognitoTest;
				PRODUCT_NAME = "$(TARGET_NAME)";
				SWIFT_EMIT_LOC_STRINGS = YES;
				SWIFT_VERSION = 5.0;
				TARGETED_DEVICE_FAMILY = "1,2";
			};
			name = Release;
		};
/* End XCBuildConfiguration section */

/* Begin XCConfigurationList section */
		4FB2B3032C627C3500E868CF /* Build configuration list for PBXProject "IncognitoTest" */ = {
			isa = XCConfigurationList;
			buildConfigurations = (
				4FB2B3142C627C3700E868CF /* Debug */,
				4FB2B3152C627C3700E868CF /* Release */,
			);
			defaultConfigurationIsVisible = 0;
			defaultConfigurationName = Release;
		};
		4FB2B3162C627C3700E868CF /* Build configuration list for PBXNativeTarget "IncognitoTest" */ = {
			isa = XCConfigurationList;
			buildConfigurations = (
				4FB2B3172C627C3700E868CF /* Debug */,
				4FB2B3182C627C3700E868CF /* Release */,
			);
			defaultConfigurationIsVisible = 0;
			defaultConfigurationName = Release;
		};
/* End XCConfigurationList section */

/* Begin XCRemoteSwiftPackageReference section */
		4F30989B2C660D1500F72316 /* XCRemoteSwiftPackageReference "firebase-ios-sdk" */ = {
			isa = XCRemoteSwiftPackageReference;
			repositoryURL = "https://github.com/firebase/firebase-ios-sdk";
			requirement = {
				kind = upToNextMajorVersion;
				minimumVersion = 11.0.0;
			};
		};
/* End XCRemoteSwiftPackageReference section */

/* Begin XCSwiftPackageProductDependency section */
		4F30989E2C66251D00F72316 /* FirebaseAnalytics */ = {
			isa = XCSwiftPackageProductDependency;
			package = 4F30989B2C660D1500F72316 /* XCRemoteSwiftPackageReference "firebase-ios-sdk" */;
			productName = FirebaseAnalytics;
		};
		4F3098A02C66251D00F72316 /* FirebaseAnalyticsOnDeviceConversion */ = {
			isa = XCSwiftPackageProductDependency;
			package = 4F30989B2C660D1500F72316 /* XCRemoteSwiftPackageReference "firebase-ios-sdk" */;
			productName = FirebaseAnalyticsOnDeviceConversion;
		};
		4F3098A22C66251D00F72316 /* FirebaseAnalyticsWithoutAdIdSupport */ = {
			isa = XCSwiftPackageProductDependency;
			package = 4F30989B2C660D1500F72316 /* XCRemoteSwiftPackageReference "firebase-ios-sdk" */;
			productName = FirebaseAnalyticsWithoutAdIdSupport;
		};
		4F3098A42C66251D00F72316 /* FirebaseAppCheck */ = {
			isa = XCSwiftPackageProductDependency;
			package = 4F30989B2C660D1500F72316 /* XCRemoteSwiftPackageReference "firebase-ios-sdk" */;
			productName = FirebaseAppCheck;
		};
		4F3098A62C66251D00F72316 /* FirebaseAppDistribution-Beta */ = {
			isa = XCSwiftPackageProductDependency;
			package = 4F30989B2C660D1500F72316 /* XCRemoteSwiftPackageReference "firebase-ios-sdk" */;
			productName = "FirebaseAppDistribution-Beta";
		};
		4F3098A82C66251D00F72316 /* FirebaseAuth */ = {
			isa = XCSwiftPackageProductDependency;
			package = 4F30989B2C660D1500F72316 /* XCRemoteSwiftPackageReference "firebase-ios-sdk" */;
			productName = FirebaseAuth;
		};
		4F3098AA2C66251D00F72316 /* FirebaseAuthCombine-Community */ = {
			isa = XCSwiftPackageProductDependency;
			package = 4F30989B2C660D1500F72316 /* XCRemoteSwiftPackageReference "firebase-ios-sdk" */;
			productName = "FirebaseAuthCombine-Community";
		};
		4F3098AC2C66251D00F72316 /* FirebaseCrashlytics */ = {
			isa = XCSwiftPackageProductDependency;
			package = 4F30989B2C660D1500F72316 /* XCRemoteSwiftPackageReference "firebase-ios-sdk" */;
			productName = FirebaseCrashlytics;
		};
		4F3098AE2C66251D00F72316 /* FirebaseDatabase */ = {
			isa = XCSwiftPackageProductDependency;
			package = 4F30989B2C660D1500F72316 /* XCRemoteSwiftPackageReference "firebase-ios-sdk" */;
			productName = FirebaseDatabase;
		};
		4F3098B02C66251D00F72316 /* FirebaseDynamicLinks */ = {
			isa = XCSwiftPackageProductDependency;
			package = 4F30989B2C660D1500F72316 /* XCRemoteSwiftPackageReference "firebase-ios-sdk" */;
			productName = FirebaseDynamicLinks;
		};
		4F3098B22C66251D00F72316 /* FirebaseFirestore */ = {
			isa = XCSwiftPackageProductDependency;
			package = 4F30989B2C660D1500F72316 /* XCRemoteSwiftPackageReference "firebase-ios-sdk" */;
			productName = FirebaseFirestore;
		};
		4F3098B42C66251D00F72316 /* FirebaseFirestoreCombine-Community */ = {
			isa = XCSwiftPackageProductDependency;
			package = 4F30989B2C660D1500F72316 /* XCRemoteSwiftPackageReference "firebase-ios-sdk" */;
			productName = "FirebaseFirestoreCombine-Community";
		};
		4F3098B62C66251D00F72316 /* FirebaseFunctions */ = {
			isa = XCSwiftPackageProductDependency;
			package = 4F30989B2C660D1500F72316 /* XCRemoteSwiftPackageReference "firebase-ios-sdk" */;
			productName = FirebaseFunctions;
		};
		4F3098B82C66251D00F72316 /* FirebaseFunctionsCombine-Community */ = {
			isa = XCSwiftPackageProductDependency;
			package = 4F30989B2C660D1500F72316 /* XCRemoteSwiftPackageReference "firebase-ios-sdk" */;
			productName = "FirebaseFunctionsCombine-Community";
		};
		4F3098BA2C66251D00F72316 /* FirebaseInAppMessaging-Beta */ = {
			isa = XCSwiftPackageProductDependency;
			package = 4F30989B2C660D1500F72316 /* XCRemoteSwiftPackageReference "firebase-ios-sdk" */;
			productName = "FirebaseInAppMessaging-Beta";
		};
		4F3098BC2C66251D00F72316 /* FirebaseInstallations */ = {
			isa = XCSwiftPackageProductDependency;
			package = 4F30989B2C660D1500F72316 /* XCRemoteSwiftPackageReference "firebase-ios-sdk" */;
			productName = FirebaseInstallations;
		};
		4F3098BE2C66251D00F72316 /* FirebaseMLModelDownloader */ = {
			isa = XCSwiftPackageProductDependency;
			package = 4F30989B2C660D1500F72316 /* XCRemoteSwiftPackageReference "firebase-ios-sdk" */;
			productName = FirebaseMLModelDownloader;
		};
		4F3098C02C66251D00F72316 /* FirebaseMessaging */ = {
			isa = XCSwiftPackageProductDependency;
			package = 4F30989B2C660D1500F72316 /* XCRemoteSwiftPackageReference "firebase-ios-sdk" */;
			productName = FirebaseMessaging;
		};
		4F3098C22C66251D00F72316 /* FirebasePerformance */ = {
			isa = XCSwiftPackageProductDependency;
			package = 4F30989B2C660D1500F72316 /* XCRemoteSwiftPackageReference "firebase-ios-sdk" */;
			productName = FirebasePerformance;
		};
		4F3098C42C66251D00F72316 /* FirebaseRemoteConfig */ = {
			isa = XCSwiftPackageProductDependency;
			package = 4F30989B2C660D1500F72316 /* XCRemoteSwiftPackageReference "firebase-ios-sdk" */;
			productName = FirebaseRemoteConfig;
		};
		4F3098C62C66251D00F72316 /* FirebaseStorage */ = {
			isa = XCSwiftPackageProductDependency;
			package = 4F30989B2C660D1500F72316 /* XCRemoteSwiftPackageReference "firebase-ios-sdk" */;
			productName = FirebaseStorage;
		};
		4F3098C82C66251D00F72316 /* FirebaseStorageCombine-Community */ = {
			isa = XCSwiftPackageProductDependency;
			package = 4F30989B2C660D1500F72316 /* XCRemoteSwiftPackageReference "firebase-ios-sdk" */;
			productName = "FirebaseStorageCombine-Community";
		};
		4F3098CA2C66251D00F72316 /* FirebaseVertexAI-Preview */ = {
			isa = XCSwiftPackageProductDependency;
			package = 4F30989B2C660D1500F72316 /* XCRemoteSwiftPackageReference "firebase-ios-sdk" */;
			productName = "FirebaseVertexAI-Preview";
		};
/* End XCSwiftPackageProductDependency section */
	};
	rootObject = 4FB2B3002C627C3500E868CF /* Project object */;
}
